PODS:
  - FeedKit (8.1.0)
  - Pastel (0.5.1)
  - RIBs (0.9.1):
    - RxSwift (~> 4.0)
  - RxAtomic (4.4.1)
  - RxSwift (4.4.1):
    - RxAtomic (~> 4.4)

DEPENDENCIES:
  - FeedKit (~> 8.0)
  - Pastel
  - RIBs (~> 0.9)

SPEC REPOS:
  https://github.com/cocoapods/specs.git:
    - FeedKit
    - Pastel
    - RIBs
    - RxAtomic
    - RxSwift

SPEC CHECKSUMS:
  FeedKit: d889cce185d4499c1954bc8d54a8a55866bd638f
  Pastel: b3dd5b8d612dac06ae7c63c97c45c900829bc139
  RIBs: 879184fbca567425c488d6b3d14a9c5abfbf9d47
  RxAtomic: f8d6adc1ccb87a767811269e4875887bc74dbf19
  RxSwift: 92fcf68dfef21f3e2ab1965363d9e7b3d787597e

PODFILE CHECKSUM: e2da4e30f058c26a9f74f925890d2463660fa092

COCOAPODS: 1.6.1
